
Microsoft Visual Studio Solution File, Format Version 12.00
Project("{FAE04EC0-301F-11D3-BF4B-00C04F79EFBC}") = "WebApi", "WebApi\WebApi.csproj", "{2B1F98BA-4CF2-407F-BDE3-30ED201E92CA}"
EndProject
Project("{FAE04EC0-301F-11D3-BF4B-00C04F79EFBC}") = "Application", "Application\Application.csproj", "{4C095C64-817A-4F83-9231-EB3D96951C9C}"
EndProject
Project("{FAE04EC0-301F-11D3-BF4B-00C04F79EFBC}") = "Domain", "Domain\Domain.csproj", "{02B7C698-B847-4344-BED5-FABE597CA269}"
EndProject
Project("{FAE04EC0-301F-11D3-BF4B-00C04F79EFBC}") = "Infrastructure", "Infrastructure\Infrastructure.csproj", "{FA44EF41-3ED0-4986-8D4F-97BABA952ABD}"
EndProject
Project("{2150E333-8FDC-42A3-9474-1A3956D46DE8}") = "tests", "tests", "{D2DBA0C1-5ECA-4543-94BE-30E74867737E}"
EndProject
Project("{FAE04EC0-301F-11D3-BF4B-00C04F79EFBC}") = "UnitTests", "Tests\UnitTests\UnitTests.csproj", "{D4653D0C-415B-4339-B155-707E1C4983E1}"
EndProject
Global
	GlobalSection(SolutionConfigurationPlatforms) = preSolution
		Debug|Any CPU = Debug|Any CPU
		Release|Any CPU = Release|Any CPU
	EndGlobalSection
	GlobalSection(ProjectConfigurationPlatforms) = postSolution
		{2B1F98BA-4CF2-407F-BDE3-30ED201E92CA}.Debug|Any CPU.ActiveCfg = Debug|Any CPU
		{2B1F98BA-4CF2-407F-BDE3-30ED201E92CA}.Debug|Any CPU.Build.0 = Debug|Any CPU
		{2B1F98BA-4CF2-407F-BDE3-30ED201E92CA}.Release|Any CPU.ActiveCfg = Release|Any CPU
		{2B1F98BA-4CF2-407F-BDE3-30ED201E92CA}.Release|Any CPU.Build.0 = Release|Any CPU
		{4C095C64-817A-4F83-9231-EB3D96951C9C}.Debug|Any CPU.ActiveCfg = Debug|Any CPU
		{4C095C64-817A-4F83-9231-EB3D96951C9C}.Debug|Any CPU.Build.0 = Debug|Any CPU
		{4C095C64-817A-4F83-9231-EB3D96951C9C}.Release|Any CPU.ActiveCfg = Release|Any CPU
		{4C095C64-817A-4F83-9231-EB3D96951C9C}.Release|Any CPU.Build.0 = Release|Any CPU
		{02B7C698-B847-4344-BED5-FABE597CA269}.Debug|Any CPU.ActiveCfg = Debug|Any CPU
		{02B7C698-B847-4344-BED5-FABE597CA269}.Debug|Any CPU.Build.0 = Debug|Any CPU
		{02B7C698-B847-4344-BED5-FABE597CA269}.Release|Any CPU.ActiveCfg = Release|Any CPU
		{02B7C698-B847-4344-BED5-FABE597CA269}.Release|Any CPU.Build.0 = Release|Any CPU
		{FA44EF41-3ED0-4986-8D4F-97BABA952ABD}.Debug|Any CPU.ActiveCfg = Debug|Any CPU
		{FA44EF41-3ED0-4986-8D4F-97BABA952ABD}.Debug|Any CPU.Build.0 = Debug|Any CPU
		{FA44EF41-3ED0-4986-8D4F-97BABA952ABD}.Release|Any CPU.ActiveCfg = Release|Any CPU
		{FA44EF41-3ED0-4986-8D4F-97BABA952ABD}.Release|Any CPU.Build.0 = Release|Any CPU
		{D4653D0C-415B-4339-B155-707E1C4983E1}.Debug|Any CPU.ActiveCfg = Debug|Any CPU
		{D4653D0C-415B-4339-B155-707E1C4983E1}.Debug|Any CPU.Build.0 = Debug|Any CPU
		{D4653D0C-415B-4339-B155-707E1C4983E1}.Release|Any CPU.ActiveCfg = Release|Any CPU
		{D4653D0C-415B-4339-B155-707E1C4983E1}.Release|Any CPU.Build.0 = Release|Any CPU
	EndGlobalSection
	GlobalSection(NestedProjects) = preSolution
		{D4653D0C-415B-4339-B155-707E1C4983E1} = {D2DBA0C1-5ECA-4543-94BE-30E74867737E}
	EndGlobalSection
EndGlobal
